
Microsoft Visual Studio Solution File, Format Version 12.00
# Visual Studio Version 17
VisualStudioVersion = 17.4.33213.308
MinimumVisualStudioVersion = 10.0.40219.1
Project("{FAE04EC0-301F-11D3-BF4B-00C04F79EFBC}") = "MvcMovie", "MvcMovie\MvcMovie.csproj", "{8C2E9149-149D-44AE-BBA1-FD458C3B035F}"
EndProject
Global
	GlobalSection(SolutionConfigurationPlatforms) = preSolution
		Debug|Any CPU = Debug|Any CPU
		Release|Any CPU = Release|Any CPU
	EndGlobalSection
	GlobalSection(ProjectConfigurationPlatforms) = postSolution
		{8C2E9149-149D-44AE-BBA1-FD458C3B035F}.Debug|Any CPU.ActiveCfg = Debug|Any CPU
		{8C2E9149-149D-44AE-BBA1-FD458C3B035F}.Debug|Any CPU.Build.0 = Debug|Any CPU
		{8C2E9149-149D-44AE-BBA1-FD458C3B035F}.Release|Any CPU.ActiveCfg = Release|Any CPU
		{8C2E9149-149D-44AE-BBA1-FD458C3B035F}.Release|Any CPU.Build.0 = Release|Any CPU
	EndGlobalSection
	GlobalSection(SolutionProperties) = preSolution
		HideSolutionNode = FALSE
	EndGlobalSection
	GlobalSection(ExtensibilityGlobals) = postSolution
		SolutionGuid = {74E2F257-E7FE-4A68-88CF-9C81A8E6A93B}
	EndGlobalSection
EndGlobal
